version: 6
environments:
  default:
    channels:
    - url: https://conda.anaconda.org/conda-forge/
    packages:
      osx-arm64:
      - conda: https://conda.anaconda.org/conda-forge/noarch/aiohappyeyeballs-2.4.4-pyhd8ed1ab_1.conda
      - conda: https://conda.anaconda.org/conda-forge/osx-arm64/aiohttp-3.11.11-py313ha9b7d5b_0.conda
      - conda: https://conda.anaconda.org/conda-forge/noarch/aiosignal-1.3.2-pyhd8ed1ab_0.conda
      - conda: https://conda.anaconda.org/conda-forge/noarch/attrs-24.3.0-pyh71513ae_0.conda
      - conda: https://conda.anaconda.org/conda-forge/osx-arm64/brotli-1.1.0-hd74edd7_2.conda
      - conda: https://conda.anaconda.org/conda-forge/osx-arm64/brotli-bin-1.1.0-hd74edd7_2.conda
      - conda: https://conda.anaconda.org/conda-forge/osx-arm64/brotli-python-1.1.0-py313h3579c5c_2.conda
      - conda: https://conda.anaconda.org/conda-forge/osx-arm64/bzip2-1.0.8-h99b78c6_7.conda
      - conda: https://conda.anaconda.org/conda-forge/osx-arm64/ca-certificates-2024.12.14-hf0a4a13_0.conda
      - conda: https://conda.anaconda.org/conda-forge/noarch/cachetools-5.5.0-pyhd8ed1ab_1.conda
      - conda: https://conda.anaconda.org/conda-forge/noarch/certifi-2024.12.14-pyhd8ed1ab_0.conda
      - conda: https://conda.anaconda.org/conda-forge/osx-arm64/cffi-1.17.1-py313hc845a76_0.conda
      - conda: https://conda.anaconda.org/conda-forge/noarch/charset-normalizer-3.4.1-pyhd8ed1ab_0.conda
      - conda: https://conda.anaconda.org/conda-forge/osx-arm64/contourpy-1.3.1-py313h0ebd0e5_0.conda
      - conda: https://conda.anaconda.org/conda-forge/osx-arm64/cryptography-44.0.0-py313h54e0d97_0.conda
      - conda: https://conda.anaconda.org/conda-forge/noarch/cycler-0.12.1-pyhd8ed1ab_1.conda
      - conda: https://conda.anaconda.org/conda-forge/osx-arm64/fonttools-4.55.3-py313ha9b7d5b_1.conda
      - conda: https://conda.anaconda.org/conda-forge/osx-arm64/freetype-2.12.1-hadb7bae_2.conda
      - conda: https://conda.anaconda.org/conda-forge/osx-arm64/frozenlist-1.5.0-py313h63a2874_0.conda
      - conda: https://conda.anaconda.org/conda-forge/noarch/google-api-core-2.24.0-pyhd8ed1ab_0.conda
      - conda: https://conda.anaconda.org/conda-forge/noarch/google-api-python-client-2.159.0-pyhff2d567_0.conda
      - conda: https://conda.anaconda.org/conda-forge/noarch/google-auth-2.37.0-pyhd8ed1ab_0.conda
      - conda: https://conda.anaconda.org/conda-forge/noarch/google-auth-httplib2-0.2.0-pyhd8ed1ab_1.conda
      - conda: https://conda.anaconda.org/conda-forge/noarch/googleapis-common-protos-1.66.0-pyhff2d567_0.conda
      - conda: https://conda.anaconda.org/conda-forge/noarch/h2-4.1.0-pyhd8ed1ab_1.conda
      - conda: https://conda.anaconda.org/conda-forge/noarch/hpack-4.0.0-pyhd8ed1ab_1.conda
      - conda: https://conda.anaconda.org/conda-forge/noarch/httplib2-0.22.0-pyhd8ed1ab_1.conda
      - conda: https://conda.anaconda.org/conda-forge/noarch/hyperframe-6.0.1-pyhd8ed1ab_1.conda
      - conda: https://conda.anaconda.org/conda-forge/noarch/idna-3.10-pyhd8ed1ab_1.conda
      - conda: https://conda.anaconda.org/conda-forge/noarch/jinja2-3.1.5-pyhd8ed1ab_0.conda
      - conda: https://conda.anaconda.org/conda-forge/osx-arm64/kiwisolver-1.4.7-py313hf9c7212_0.conda
      - conda: https://conda.anaconda.org/conda-forge/osx-arm64/lcms2-2.16-ha0e7c42_0.conda
      - conda: https://conda.anaconda.org/conda-forge/osx-arm64/lerc-4.0.0-h9a09cb3_0.tar.bz2
      - conda: https://conda.anaconda.org/conda-forge/osx-arm64/libblas-3.9.0-26_osxarm64_openblas.conda
      - conda: https://conda.anaconda.org/conda-forge/osx-arm64/libbrotlicommon-1.1.0-hd74edd7_2.conda
      - conda: https://conda.anaconda.org/conda-forge/osx-arm64/libbrotlidec-1.1.0-hd74edd7_2.conda
      - conda: https://conda.anaconda.org/conda-forge/osx-arm64/libbrotlienc-1.1.0-hd74edd7_2.conda
      - conda: https://conda.anaconda.org/conda-forge/osx-arm64/libcblas-3.9.0-26_osxarm64_openblas.conda
      - conda: https://conda.anaconda.org/conda-forge/osx-arm64/libcxx-19.1.7-ha82da77_0.conda
      - conda: https://conda.anaconda.org/conda-forge/osx-arm64/libdeflate-1.23-hec38601_0.conda
      - conda: https://conda.anaconda.org/conda-forge/osx-arm64/libexpat-2.6.4-h286801f_0.conda
      - conda: https://conda.anaconda.org/conda-forge/osx-arm64/libffi-3.4.2-h3422bc3_5.tar.bz2
      - conda: https://conda.anaconda.org/conda-forge/osx-arm64/libgfortran-5.0.0-13_2_0_hd922786_3.conda
      - conda: https://conda.anaconda.org/conda-forge/osx-arm64/libgfortran5-13.2.0-hf226fd6_3.conda
      - conda: https://conda.anaconda.org/conda-forge/osx-arm64/libjpeg-turbo-3.0.0-hb547adb_1.conda
      - conda: https://conda.anaconda.org/conda-forge/osx-arm64/liblapack-3.9.0-26_osxarm64_openblas.conda
      - conda: https://conda.anaconda.org/conda-forge/osx-arm64/liblzma-5.6.3-h39f12f2_1.conda
      - conda: https://conda.anaconda.org/conda-forge/osx-arm64/libmpdec-4.0.0-h99b78c6_0.conda
      - conda: https://conda.anaconda.org/conda-forge/osx-arm64/libopenblas-0.3.28-openmp_hf332438_1.conda
      - conda: https://conda.anaconda.org/conda-forge/osx-arm64/libpng-1.6.45-h3783ad8_0.conda
      - conda: https://conda.anaconda.org/conda-forge/osx-arm64/libsqlite-3.47.2-h3f77e49_0.conda
      - conda: https://conda.anaconda.org/conda-forge/osx-arm64/libtiff-4.7.0-h551f018_3.conda
      - conda: https://conda.anaconda.org/conda-forge/osx-arm64/libwebp-base-1.5.0-h2471fea_0.conda
      - conda: https://conda.anaconda.org/conda-forge/osx-arm64/libxcb-1.17.0-hdb1d25a_0.conda
      - conda: https://conda.anaconda.org/conda-forge/osx-arm64/libzlib-1.3.1-h8359307_2.conda
      - conda: https://conda.anaconda.org/conda-forge/osx-arm64/llvm-openmp-19.1.6-hdb05f8b_0.conda
      - conda: https://conda.anaconda.org/conda-forge/osx-arm64/markupsafe-3.0.2-py313ha9b7d5b_1.conda
      - conda: https://conda.anaconda.org/conda-forge/osx-arm64/matplotlib-3.10.0-py313h39782a4_0.conda
      - conda: https://conda.anaconda.org/conda-forge/osx-arm64/matplotlib-base-3.10.0-py313haaf02c0_0.conda
      - conda: https://conda.anaconda.org/conda-forge/osx-arm64/multidict-6.1.0-py313h6347b5a_1.conda
      - conda: https://conda.anaconda.org/conda-forge/noarch/munkres-1.1.4-pyh9f0ad1d_0.tar.bz2
      - conda: https://conda.anaconda.org/conda-forge/osx-arm64/ncurses-6.5-h5e97a16_2.conda
      - conda: https://conda.anaconda.org/conda-forge/osx-arm64/numpy-2.2.1-py313ha4a2180_0.conda
      - conda: https://conda.anaconda.org/conda-forge/osx-arm64/openjpeg-2.5.3-h8a3d83b_0.conda
      - conda: https://conda.anaconda.org/conda-forge/osx-arm64/openssl-3.4.0-h81ee809_1.conda
      - conda: https://conda.anaconda.org/conda-forge/noarch/packaging-24.2-pyhd8ed1ab_2.conda
      - conda: https://conda.anaconda.org/conda-forge/osx-arm64/pillow-11.1.0-py313hb37fac4_0.conda
      - conda: https://conda.anaconda.org/conda-forge/osx-arm64/propcache-0.2.1-py313h90d716c_0.conda
      - conda: https://conda.anaconda.org/conda-forge/noarch/proto-plus-1.25.0-pyhd8ed1ab_1.conda
      - conda: https://conda.anaconda.org/conda-forge/osx-arm64/protobuf-5.28.3-py313h928ef07_0.conda
      - conda: https://conda.anaconda.org/conda-forge/osx-arm64/pthread-stubs-0.4-hd74edd7_1002.conda
      - conda: https://conda.anaconda.org/conda-forge/noarch/pyasn1-0.6.1-pyhd8ed1ab_2.conda
      - conda: https://conda.anaconda.org/conda-forge/noarch/pyasn1-modules-0.4.1-pyhd8ed1ab_1.conda
      - conda: https://conda.anaconda.org/conda-forge/noarch/pycparser-2.22-pyh29332c3_1.conda
      - conda: https://conda.anaconda.org/conda-forge/noarch/pyopenssl-24.3.0-pyhd8ed1ab_0.conda
      - conda: https://conda.anaconda.org/conda-forge/noarch/pyparsing-3.2.1-pyhd8ed1ab_0.conda
      - conda: https://conda.anaconda.org/conda-forge/noarch/pysocks-1.7.1-pyha55dd90_7.conda
      - conda: https://conda.anaconda.org/conda-forge/osx-arm64/python-3.13.1-h4f43103_105_cp313.conda
      - conda: https://conda.anaconda.org/conda-forge/noarch/python-dateutil-2.9.0.post0-pyhff2d567_1.conda
      - conda: https://conda.anaconda.org/conda-forge/osx-arm64/python_abi-3.13-5_cp313.conda
      - conda: https://conda.anaconda.org/conda-forge/noarch/pyu2f-0.1.5-pyhd8ed1ab_1.conda
      - conda: https://conda.anaconda.org/conda-forge/osx-arm64/qhull-2020.2-h420ef59_5.conda
      - conda: https://conda.anaconda.org/conda-forge/osx-arm64/readline-8.2-h92ec313_1.conda
      - conda: https://conda.anaconda.org/conda-forge/noarch/requests-2.32.3-pyhd8ed1ab_1.conda
      - conda: https://conda.anaconda.org/conda-forge/noarch/rsa-4.9-pyhd8ed1ab_1.conda
      - conda: https://conda.anaconda.org/conda-forge/noarch/six-1.17.0-pyhd8ed1ab_0.conda
      - conda: https://conda.anaconda.org/conda-forge/osx-arm64/tk-8.6.13-h5083fa2_1.conda
      - conda: https://conda.anaconda.org/conda-forge/osx-arm64/tornado-6.4.2-py313h90d716c_0.conda
      - conda: https://conda.anaconda.org/conda-forge/noarch/tzdata-2024b-hc8b5060_0.conda
      - conda: https://conda.anaconda.org/conda-forge/noarch/uritemplate-4.1.1-pyhd8ed1ab_1.conda
      - conda: https://conda.anaconda.org/conda-forge/noarch/urllib3-2.3.0-pyhd8ed1ab_0.conda
      - conda: https://conda.anaconda.org/conda-forge/osx-arm64/xorg-libxau-1.0.12-h5505292_0.conda
      - conda: https://conda.anaconda.org/conda-forge/osx-arm64/xorg-libxdmcp-1.1.5-hd74edd7_0.conda
      - conda: https://conda.anaconda.org/conda-forge/osx-arm64/yarl-1.18.3-py313h90d716c_0.conda
      - conda: https://conda.anaconda.org/conda-forge/osx-arm64/zstandard-0.23.0-py313hf2da073_1.conda
      - conda: https://conda.anaconda.org/conda-forge/osx-arm64/zstd-1.5.6-hb46c0d2_0.conda
packages:
- conda: https://conda.anaconda.org/conda-forge/noarch/aiohappyeyeballs-2.4.4-pyhd8ed1ab_1.conda
  sha256: 95d4713e49ea92ae50cf42393683ede706b7875af5f7cb14c253438180afa732
  md5: 296b403617bafa89df4971567af79013
  depends:
  - python >=3.9
  license: PSF-2.0
  license_family: PSF
  size: 19351
  timestamp: 1733332029649
- conda: https://conda.anaconda.org/conda-forge/osx-arm64/aiohttp-3.11.11-py313ha9b7d5b_0.conda
  sha256: 19ab96e2169b00379eb0ada130b8f9d0ad3c4c2353697cec21330aad6f4a67b6
  md5: c1e5ab6d1071a317a31a4199e9602e0e
  depends:
  - __osx >=11.0
  - aiohappyeyeballs >=2.3.0
  - aiosignal >=1.1.2
  - attrs >=17.3.0
  - frozenlist >=1.1.1
  - multidict >=4.5,<7.0
  - propcache >=0.2.0
  - python >=3.13,<3.14.0a0
  - python >=3.13,<3.14.0a0 *_cp313
  - python_abi 3.13.* *_cp313
  - yarl >=1.17.0,<2.0
  arch: arm64
  platform: osx
  license: MIT AND Apache-2.0
  license_family: Apache
  size: 882194
  timestamp: 1734597207077
- conda: https://conda.anaconda.org/conda-forge/noarch/aiosignal-1.3.2-pyhd8ed1ab_0.conda
  sha256: 7de8ced1918bbdadecf8e1c1c68237fe5709c097bd9e0d254f4cad118f4345d0
  md5: 1a3981115a398535dbe3f6d5faae3d36
  depends:
  - frozenlist >=1.1.0
  - python >=3.9
  license: Apache-2.0
  license_family: APACHE
  size: 13229
  timestamp: 1734342253061
- conda: https://conda.anaconda.org/conda-forge/noarch/attrs-24.3.0-pyh71513ae_0.conda
  sha256: 750186af694a7130eaf7119fbb56db0d2326d8995ad5b8eae23c622b85fea29a
  md5: 356927ace43302bf6f5926e2a58dae6a
  depends:
  - python >=3.9
  license: MIT
  license_family: MIT
  size: 56354
  timestamp: 1734348889193
- conda: https://conda.anaconda.org/conda-forge/osx-arm64/brotli-1.1.0-hd74edd7_2.conda
  sha256: a086f36ff68d6e30da625e910547f6211385246fb2474b144ac8c47c32254576
  md5: 215e3dc8f2f837906d066e7f01aa77c0
  depends:
  - __osx >=11.0
  - brotli-bin 1.1.0 hd74edd7_2
  - libbrotlidec 1.1.0 hd74edd7_2
  - libbrotlienc 1.1.0 hd74edd7_2
  arch: arm64
  platform: osx
  license: MIT
  license_family: MIT
  size: 19588
  timestamp: 1725268044856
- conda: https://conda.anaconda.org/conda-forge/osx-arm64/brotli-bin-1.1.0-hd74edd7_2.conda
  sha256: 28f1af63b49fddf58084fb94e5512ad46e9c453eb4be1d97449c67059e5b0680
  md5: b8512db2145dc3ae8d86cdc21a8d421e
  depends:
  - __osx >=11.0
  - libbrotlidec 1.1.0 hd74edd7_2
  - libbrotlienc 1.1.0 hd74edd7_2
  arch: arm64
  platform: osx
  license: MIT
  license_family: MIT
  size: 16772
  timestamp: 1725268026061
- conda: https://conda.anaconda.org/conda-forge/osx-arm64/brotli-python-1.1.0-py313h3579c5c_2.conda
  sha256: b0a66572f44570ee7cc960e223ca8600d26bb20cfb76f16b95adf13ec4ee3362
  md5: f3bee63c7b5d041d841aff05785c28b7
  depends:
  - __osx >=11.0
  - libcxx >=17
  - python >=3.13.0rc1,<3.14.0a0
  - python >=3.13.0rc1,<3.14.0a0 *_cp313
  - python_abi 3.13.* *_cp313
  constrains:
  - libbrotlicommon 1.1.0 hd74edd7_2
  arch: arm64
  platform: osx
  license: MIT
  license_family: MIT
  size: 339067
  timestamp: 1725268603536
- conda: https://conda.anaconda.org/conda-forge/osx-arm64/bzip2-1.0.8-h99b78c6_7.conda
  sha256: adfa71f158cbd872a36394c56c3568e6034aa55c623634b37a4836bd036e6b91
  md5: fc6948412dbbbe9a4c9ddbbcfe0a79ab
  depends:
  - __osx >=11.0
  license: bzip2-1.0.6
  license_family: BSD
  size: 122909
  timestamp: 1720974522888
- conda: https://conda.anaconda.org/conda-forge/osx-arm64/ca-certificates-2024.12.14-hf0a4a13_0.conda
  sha256: 256be633fd0882ccc1a7a32bc278547e1703f85082c0789a87a603ee3ab8fb82
  md5: 7cb381a6783d91902638e4ed1ebd478e
  license: ISC
  size: 157091
  timestamp: 1734208344343
- conda: https://conda.anaconda.org/conda-forge/noarch/cachetools-5.5.0-pyhd8ed1ab_1.conda
  sha256: d67d8683b34d7074bf99683aa1d71b2e42cee44da70ccd02a2863fb2c3df005b
  md5: 0a99af03ccbd19113c1de1c7f16a53d2
  depends:
  - python >=3.9
  license: MIT
  license_family: MIT
  size: 14846
  timestamp: 1733624331838
- conda: https://conda.anaconda.org/conda-forge/noarch/certifi-2024.12.14-pyhd8ed1ab_0.conda
  sha256: 048c16a9cbcb1fbad02083414d3bc7c1d0eea4b39aee6aa6bf8d1d5089ca8bad
  md5: 6feb87357ecd66733be3279f16a8c400
  depends:
  - python >=3.9
  license: ISC
  size: 161642
  timestamp: 1734380604767
- conda: https://conda.anaconda.org/conda-forge/osx-arm64/cffi-1.17.1-py313hc845a76_0.conda
  sha256: 50650dfa70ccf12b9c4a117d7ef0b41895815bb7328d830d667a6ba3525b60e8
  md5: 6d24d5587a8615db33c961a4ca0a8034
  depends:
  - __osx >=11.0
  - libffi >=3.4,<4.0a0
  - pycparser
  - python >=3.13.0rc1,<3.14.0a0
  - python >=3.13.0rc1,<3.14.0a0 *_cp313
  - python_abi 3.13.* *_cp313
  arch: arm64
  platform: osx
  license: MIT
  license_family: MIT
  size: 282115
  timestamp: 1725560759157
- conda: https://conda.anaconda.org/conda-forge/noarch/charset-normalizer-3.4.1-pyhd8ed1ab_0.conda
  sha256: 4e0ee91b97e5de3e74567bdacea27f0139709fceca4db8adffbe24deffccb09b
  md5: e83a31202d1c0a000fce3e9cf3825875
  depends:
  - python >=3.9
  license: MIT
  license_family: MIT
  size: 47438
  timestamp: 1735929811779
- conda: https://conda.anaconda.org/conda-forge/osx-arm64/contourpy-1.3.1-py313h0ebd0e5_0.conda
  sha256: 1761af531f86a1ebb81eec9ed5c0bcfc6be4502315139494b6a1c039e8477983
  md5: 9d3b4c6ee9427fdb3915f38b53d01e9a
  depends:
  - __osx >=11.0
  - libcxx >=18
  - numpy >=1.23
  - python >=3.13,<3.14.0a0
  - python >=3.13,<3.14.0a0 *_cp313
  - python_abi 3.13.* *_cp313
  arch: arm64
  platform: osx
  license: BSD-3-Clause
  license_family: BSD
  size: 246707
  timestamp: 1731428917954
- conda: https://conda.anaconda.org/conda-forge/osx-arm64/cryptography-44.0.0-py313h54e0d97_0.conda
  sha256: addb77b2b98883c2fed72ac51c59ce04dde76f45ac5e2eddb5ab37412b1164a2
  md5: d4792d3511cac0a0d586b4c2469bba6c
  depends:
  - __osx >=11.0
  - cffi >=1.12
  - openssl >=3.4.0,<4.0a0
  - python >=3.13,<3.14.0a0
  - python >=3.13,<3.14.0a0 *_cp313
  - python_abi 3.13.* *_cp313
  constrains:
  - __osx >=11.0
  arch: arm64
  platform: osx
  license: Apache-2.0 AND BSD-3-Clause AND PSF-2.0 AND MIT
  license_family: BSD
  size: 1447225
  timestamp: 1732746469662
- conda: https://conda.anaconda.org/conda-forge/noarch/cycler-0.12.1-pyhd8ed1ab_1.conda
  sha256: 9827efa891e507a91a8a2acf64e210d2aff394e1cde432ad08e1f8c66b12293c
  md5: 44600c4667a319d67dbe0681fc0bc833
  depends:
  - python >=3.9
  license: BSD-3-Clause
  license_family: BSD
  size: 13399
  timestamp: 1733332563512
- conda: https://conda.anaconda.org/conda-forge/osx-arm64/fonttools-4.55.3-py313ha9b7d5b_1.conda
  sha256: 67710cdb48c37bb31673f633c6c16c76ffb78eca690e410b74c503aec8f07d12
  md5: bf27952f750c50fe5436abad54f7d7ce
  depends:
  - __osx >=11.0
  - brotli
  - munkres
  - python >=3.13,<3.14.0a0
  - python >=3.13,<3.14.0a0 *_cp313
  - python_abi 3.13.* *_cp313
  arch: arm64
  platform: osx
  license: MIT
  license_family: MIT
  size: 2773158
  timestamp: 1735336098317
- conda: https://conda.anaconda.org/conda-forge/osx-arm64/freetype-2.12.1-hadb7bae_2.conda
  sha256: 791673127e037a2dc0eebe122dc4f904cb3f6e635bb888f42cbe1a76b48748d9
  md5: e6085e516a3e304ce41a8ee08b9b89ad
  depends:
  - libpng >=1.6.39,<1.7.0a0
  - libzlib >=1.2.13,<2.0.0a0
  arch: arm64
  platform: osx
  license: GPL-2.0-only OR FTL
  size: 596430
  timestamp: 1694616332835
- conda: https://conda.anaconda.org/conda-forge/osx-arm64/frozenlist-1.5.0-py313h63a2874_0.conda
  sha256: 459c6f53657ad5bc85c00d9e46a3b1fb5d3e7b502c9e31e9405358fb5972e3fc
  md5: 7e8394203a5ea4d78b4503a1f070ab54
  depends:
  - __osx >=11.0
  - python >=3.13,<3.14.0a0
  - python >=3.13,<3.14.0a0 *_cp313
  - python_abi 3.13.* *_cp313
  arch: arm64
  platform: osx
  license: Apache-2.0
  license_family: APACHE
  size: 52345
  timestamp: 1729699813614
- conda: https://conda.anaconda.org/conda-forge/noarch/google-api-core-2.24.0-pyhd8ed1ab_0.conda
  sha256: 20b9a3968f14fa0836b4f787b6929d82955af89de75287e933cd7ed520041ab4
  md5: 66f12c39effbbac96a88f722f7153790
  depends:
  - google-auth >=2.14.1,<3.0.dev0
  - googleapis-common-protos >=1.56.2,<2.0.dev0
  - proto-plus >=1.25.0,<2.0.0dev
  - protobuf >=3.19.5,<6.0.0.dev0,!=3.20.0,!=3.20.1,!=4.21.0,!=4.21.1,!=4.21.2,!=4.21.3,!=4.21.4,!=4.21.5
  - python >=3.9
  - requests >=2.18.0,<3.0.0.dev0
  license: Apache-2.0
  license_family: APACHE
  size: 90693
  timestamp: 1733909213551
- conda: https://conda.anaconda.org/conda-forge/noarch/google-api-python-client-2.159.0-pyhff2d567_0.conda
  sha256: a8f4addac8fa5d380290c7fd372c30855a9c38ea5432e7e1ea61931c7488cc3c
  md5: 20e4df31c926b10044dd659d9f07dc95
  depends:
  - google-api-core >=1.31.5,<3.0.0.dev0,!=2.0.*,!=2.1.*,!=2.2.*,!=2.3.0
  - google-auth >=1.32.0,<3.0.0.dev0,!=2.24.0,!=2.25.0
  - google-auth-httplib2 >=0.2.0,<1.0.0
  - httplib2 >=0.19.0,<1.dev0
  - python >=3.9
  - uritemplate >=3.0.1,<5
  license: Apache-2.0 and MIT
  size: 6290529
  timestamp: 1736859581020
- conda: https://conda.anaconda.org/conda-forge/noarch/google-auth-2.37.0-pyhd8ed1ab_0.conda
  sha256: 6e061c239494e5651e5d9cf1557678e7b6ebbeea185049a1e0daea8449b5d494
  md5: 6b31ae65e928416daf0b88c1adcdb433
  depends:
  - aiohttp >=3.6.2,<4.0.0
  - cachetools >=2.0.0,<6.0
  - cryptography >=38.0.3
  - pyasn1-modules >=0.2.1
  - pyopenssl >=20.0.0
  - python >=3.9
  - pyu2f >=0.1.5
  - requests >=2.20.0,<3.0.0
  - rsa >=3.1.4,<5
  license: Apache-2.0
  license_family: Apache
  size: 115773
  timestamp: 1734176210185
- conda: https://conda.anaconda.org/conda-forge/noarch/google-auth-httplib2-0.2.0-pyhd8ed1ab_1.conda
  sha256: 92f8adf33ec793cc24baf9ca80da43b84063d24b7d6d37c92327e21ae718ca01
  md5: b4df9c3ba1d0dac9b7e5630955aa3e32
  depends:
  - google-auth
  - httplib2 >=0.19.0
  - python >=3.9
  license: Apache-2.0
  license_family: Apache
  size: 14910
  timestamp: 1733907507837
- conda: https://conda.anaconda.org/conda-forge/noarch/googleapis-common-protos-1.66.0-pyhff2d567_0.conda
  sha256: d8d19575a827f2c62500949b9536efdd6b5406c9f546a73b6a87ac90b03a5875
  md5: 4861e30ff0cd566ea6fb4593e3b7c22a
  depends:
  - protobuf >=3.20.2,<6.0.0.dev0,!=3.20.0,!=3.20.1,!=4.21.1,!=4.21.2,!=4.21.3,!=4.21.4,!=4.21.5
  - python >=3.9
  license: Apache-2.0
  license_family: APACHE
  size: 116522
  timestamp: 1731459019854
- conda: https://conda.anaconda.org/conda-forge/noarch/h2-4.1.0-pyhd8ed1ab_1.conda
  sha256: 843ddad410c370672a8250470697027618f104153612439076d4d7b91eeb7b5c
  md5: 825927dc7b0f287ef8d4d0011bb113b1
  depends:
  - hpack >=4.0,<5
  - hyperframe >=6.0,<7
  - python >=3.9
  license: MIT
  license_family: MIT
  size: 52000
  timestamp: 1733298867359
- conda: https://conda.anaconda.org/conda-forge/noarch/hpack-4.0.0-pyhd8ed1ab_1.conda
  sha256: ec89b7e5b8aa2f0219f666084446e1fb7b54545861e9caa892acb24d125761b5
  md5: 2aa5ff7fa34a81b9196532c84c10d865
  depends:
  - python >=3.9
  license: MIT
  license_family: MIT
  size: 29412
  timestamp: 1733299296857
- conda: https://conda.anaconda.org/conda-forge/noarch/httplib2-0.22.0-pyhd8ed1ab_1.conda
  sha256: f6ee2956004d98a6ea9ebdaa975dd222b658a31de3ed89348eb67749a0949c6f
  md5: 2a534e4b838b6efab1732c869d993b45
  depends:
  - pyparsing >=2.4.2,<4,!=3.0.0,!=3.0.1,!=3.0.2,!=3.0.3
  - python >=3.9
  license: MIT
  license_family: MIT
  size: 94955
  timestamp: 1733927590260
- conda: https://conda.anaconda.org/conda-forge/noarch/hyperframe-6.0.1-pyhd8ed1ab_1.conda
  sha256: e91c6ef09d076e1d9a02819cd00fa7ee18ecf30cdd667605c853980216584d1b
  md5: 566e75c90c1d0c8c459eb0ad9833dc7a
  depends:
  - python >=3.9
  license: MIT
  license_family: MIT
  size: 17239
  timestamp: 1733298862681
- conda: https://conda.anaconda.org/conda-forge/noarch/idna-3.10-pyhd8ed1ab_1.conda
  sha256: d7a472c9fd479e2e8dcb83fb8d433fce971ea369d704ece380e876f9c3494e87
  md5: 39a4f67be3286c86d696df570b1201b7
  depends:
  - python >=3.9
  license: BSD-3-Clause
  license_family: BSD
  size: 49765
  timestamp: 1733211921194
- conda: https://conda.anaconda.org/conda-forge/noarch/jinja2-3.1.5-pyhd8ed1ab_0.conda
  sha256: 98977694b9ecaa3218662f843425f39501f81973c450f995eec68f1803ed71c3
  md5: 2752a6ed44105bfb18c9bef1177d9dcd
  depends:
  - markupsafe >=2.0
  - python >=3.9
  license: BSD-3-Clause
  license_family: BSD
  size: 112561
  timestamp: 1734824044952
- conda: https://conda.anaconda.org/conda-forge/osx-arm64/kiwisolver-1.4.7-py313hf9c7212_0.conda
  sha256: 14a53c1dbe9eef23cd65956753de8f6c5beb282808b7780d79af0a286ba3eee9
  md5: 830d9777f1c5f26ebb4286775f95658a
  depends:
  - __osx >=11.0
  - libcxx >=17
  - python >=3.13.0rc1,<3.14.0a0
  - python >=3.13.0rc1,<3.14.0a0 *_cp313
  - python_abi 3.13.* *_cp313
  arch: arm64
  platform: osx
  license: BSD-3-Clause
  license_family: BSD
  size: 61424
  timestamp: 1725459552592
- conda: https://conda.anaconda.org/conda-forge/osx-arm64/lcms2-2.16-ha0e7c42_0.conda
  sha256: 151e0c84feb7e0747fabcc85006b8973b22f5abbc3af76a9add0b0ef0320ebe4
  md5: 66f6c134e76fe13cce8a9ea5814b5dd5
  depends:
  - libjpeg-turbo >=3.0.0,<4.0a0
  - libtiff >=4.6.0,<4.8.0a0
  arch: arm64
  platform: osx
  license: MIT
  license_family: MIT
  size: 211959
  timestamp: 1701647962657
- conda: https://conda.anaconda.org/conda-forge/osx-arm64/lerc-4.0.0-h9a09cb3_0.tar.bz2
  sha256: 6f068bb53dfb6147d3147d981bb851bb5477e769407ad4e6a68edf482fdcb958
  md5: de462d5aacda3b30721b512c5da4e742
  depends:
  - libcxx >=13.0.1
  arch: arm64
  platform: osx
  license: Apache-2.0
  license_family: Apache
  size: 215721
  timestamp: 1657977558796
- conda: https://conda.anaconda.org/conda-forge/osx-arm64/libblas-3.9.0-26_osxarm64_openblas.conda
  build_number: 26
  sha256: 597f9c3779caa979c8c6abbb3ba8c7191b84e1a910d6b0d10e5faf35284c450c
  md5: 21be102c9ae80a67ba7de23b129aa7f6
  depends:
  - libopenblas >=0.3.28,<0.3.29.0a0
  - libopenblas >=0.3.28,<1.0a0
  constrains:
  - liblapack 3.9.0 26_osxarm64_openblas
  - liblapacke 3.9.0 26_osxarm64_openblas
  - libcblas 3.9.0 26_osxarm64_openblas
  - blas * openblas
  arch: arm64
  platform: osx
  license: BSD-3-Clause
  license_family: BSD
  size: 16714
  timestamp: 1734433054681
- conda: https://conda.anaconda.org/conda-forge/osx-arm64/libbrotlicommon-1.1.0-hd74edd7_2.conda
  sha256: 839dacb741bdbb25e58f42088a2001b649f4f12195aeb700b5ddfca3267749e5
  md5: d0bf1dff146b799b319ea0434b93f779
  depends:
  - __osx >=11.0
  arch: arm64
  platform: osx
  license: MIT
  license_family: MIT
  size: 68426
  timestamp: 1725267943211
- conda: https://conda.anaconda.org/conda-forge/osx-arm64/libbrotlidec-1.1.0-hd74edd7_2.conda
  sha256: 6c6862eb274f21a7c0b60e5345467a12e6dda8b9af4438c66d496a2c1a538264
  md5: 55e66e68ce55523a6811633dd1ac74e2
  depends:
  - __osx >=11.0
  - libbrotlicommon 1.1.0 hd74edd7_2
  arch: arm64
  platform: osx
  license: MIT
  license_family: MIT
  size: 28378
  timestamp: 1725267980316
- conda: https://conda.anaconda.org/conda-forge/osx-arm64/libbrotlienc-1.1.0-hd74edd7_2.conda
  sha256: eeb1eb0d58b9d02bc1b98dc0a058f104ab168eb2f7d1c7bfa0570a12cfcdb7b7
  md5: 4f3a434504c67b2c42565c0b85c1885c
  depends:
  - __osx >=11.0
  - libbrotlicommon 1.1.0 hd74edd7_2
  arch: arm64
  platform: osx
  license: MIT
  license_family: MIT
  size: 279644
  timestamp: 1725268003553
- conda: https://conda.anaconda.org/conda-forge/osx-arm64/libcblas-3.9.0-26_osxarm64_openblas.conda
  build_number: 26
  sha256: 27a29ef6b2fd2179bc3a0bb9db351f078ba140ca10485dca147c399639f84c93
  md5: a0e9980fe12d42f6d0c0ec009f67e948
  depends:
  - libblas 3.9.0 26_osxarm64_openblas
  constrains:
  - liblapack 3.9.0 26_osxarm64_openblas
  - liblapacke 3.9.0 26_osxarm64_openblas
  - blas * openblas
  arch: arm64
  platform: osx
  license: BSD-3-Clause
  license_family: BSD
  size: 16628
  timestamp: 1734433061517
- conda: https://conda.anaconda.org/conda-forge/osx-arm64/libcxx-19.1.7-ha82da77_0.conda
  sha256: 776092346da87a2a23502e14d91eb0c32699c4a1522b7331537bd1c3751dcff5
  md5: 5b3e1610ff8bd5443476b91d618f5b77
  depends:
  - __osx >=11.0
  arch: arm64
  platform: osx
  license: Apache-2.0 WITH LLVM-exception
  license_family: Apache
  size: 523505
  timestamp: 1736877862502
- conda: https://conda.anaconda.org/conda-forge/osx-arm64/libdeflate-1.23-hec38601_0.conda
  sha256: 887c02deaed6d583459eba6367023e36d8761085b2f7126e389424f57155da53
  md5: 1d8b9588be14e71df38c525767a1ac30
  depends:
  - __osx >=11.0
  arch: arm64
  platform: osx
  license: MIT
  license_family: MIT
  size: 54132
  timestamp: 1734373971372
- conda: https://conda.anaconda.org/conda-forge/osx-arm64/libexpat-2.6.4-h286801f_0.conda
  sha256: e42ab5ace927ee7c84e3f0f7d813671e1cf3529f5f06ee5899606630498c2745
  md5: 38d2656dd914feb0cab8c629370768bf
  depends:
  - __osx >=11.0
  constrains:
  - expat 2.6.4.*
  license: MIT
  license_family: MIT
  size: 64693
  timestamp: 1730967175868
- conda: https://conda.anaconda.org/conda-forge/osx-arm64/libffi-3.4.2-h3422bc3_5.tar.bz2
  sha256: 41b3d13efb775e340e4dba549ab5c029611ea6918703096b2eaa9c015c0750ca
  md5: 086914b672be056eb70fd4285b6783b6
  license: MIT
  license_family: MIT
  size: 39020
  timestamp: 1636488587153
- conda: https://conda.anaconda.org/conda-forge/osx-arm64/libgfortran-5.0.0-13_2_0_hd922786_3.conda
  sha256: 44e541b4821c96b28b27fef5630883a60ce4fee91fd9c79f25a199f8f73f337b
  md5: 4a55d9e169114b2b90d3ec4604cd7bbf
  depends:
  - libgfortran5 13.2.0 hf226fd6_3
  arch: arm64
  platform: osx
  license: GPL-3.0-only WITH GCC-exception-3.1
  license_family: GPL
  size: 110233
  timestamp: 1707330749033
- conda: https://conda.anaconda.org/conda-forge/osx-arm64/libgfortran5-13.2.0-hf226fd6_3.conda
  sha256: bafc679eedb468a86aa4636061c55966186399ee0a04b605920d208d97ac579a
  md5: 66ac81d54e95c534ae488726c1f698ea
  depends:
  - llvm-openmp >=8.0.0
  constrains:
  - libgfortran 5.0.0 13_2_0_*_3
  arch: arm64
  platform: osx
  license: GPL-3.0-only WITH GCC-exception-3.1
  license_family: GPL
  size: 997381
  timestamp: 1707330687590
- conda: https://conda.anaconda.org/conda-forge/osx-arm64/libjpeg-turbo-3.0.0-hb547adb_1.conda
  sha256: a42054eaa38e84fc1e5ab443facac4bbc9d1b6b6f23f54b7bf4f1eb687e1d993
  md5: 3ff1e053dc3a2b8e36b9bfa4256a58d1
  constrains:
  - jpeg <0.0.0a
  arch: arm64
  platform: osx
  license: IJG AND BSD-3-Clause AND Zlib
  size: 547541
  timestamp: 1694475104253
- conda: https://conda.anaconda.org/conda-forge/osx-arm64/liblapack-3.9.0-26_osxarm64_openblas.conda
  build_number: 26
  sha256: dd6d9a21e672aee4332f019c8229ce70cf5eaf6c2f4cbd1443b105fb66c00dc5
  md5: cebad79038a75cfd28fa90d147a2d34d
  depends:
  - libblas 3.9.0 26_osxarm64_openblas
  constrains:
  - liblapacke 3.9.0 26_osxarm64_openblas
  - libcblas 3.9.0 26_osxarm64_openblas
  - blas * openblas
  arch: arm64
  platform: osx
  license: BSD-3-Clause
  license_family: BSD
  size: 16624
  timestamp: 1734433068120
- conda: https://conda.anaconda.org/conda-forge/osx-arm64/liblzma-5.6.3-h39f12f2_1.conda
  sha256: d863b8257406918ffdc50ae65502f2b2d6cede29404d09a094f59509d6a0aaf1
  md5: b2553114a7f5e20ccd02378a77d836aa
  depends:
  - __osx >=11.0
  license: 0BSD
  size: 99129
  timestamp: 1733407496073
- conda: https://conda.anaconda.org/conda-forge/osx-arm64/libmpdec-4.0.0-h99b78c6_0.conda
  sha256: f7917de9117d3a5fe12a39e185c7ce424f8d5010a6f97b4333e8a1dcb2889d16
  md5: 7476305c35dd9acef48da8f754eedb40
  depends:
  - __osx >=11.0
  license: BSD-2-Clause
  license_family: BSD
  size: 69263
  timestamp: 1723817629767
- conda: https://conda.anaconda.org/conda-forge/osx-arm64/libopenblas-0.3.28-openmp_hf332438_1.conda
  sha256: 62bb669c37a845129096f73d446cdb6bb170e4927f2fea2b661329680dbbc373
  md5: 40803a48d947c8639da6704e9a44d3ce
  depends:
  - __osx >=11.0
  - libgfortran 5.*
  - libgfortran5 >=13.2.0
  - llvm-openmp >=18.1.8
  constrains:
  - openblas >=0.3.28,<0.3.29.0a0
  arch: arm64
  platform: osx
  license: BSD-3-Clause
  license_family: BSD
  size: 4165774
  timestamp: 1730772154295
- conda: https://conda.anaconda.org/conda-forge/osx-arm64/libpng-1.6.45-h3783ad8_0.conda
  sha256: ddcc81c049b32fb5eb3ac1f9a6d3a589c08325c8ec6f89eb912208b19330d68c
  md5: d554c806d065b1763cb9e1cb1d25741d
  depends:
  - __osx >=11.0
  - libzlib >=1.3.1,<2.0a0
  arch: arm64
  platform: osx
  license: zlib-acknowledgement
  size: 263151
  timestamp: 1736339184358
- conda: https://conda.anaconda.org/conda-forge/osx-arm64/libsqlite-3.47.2-h3f77e49_0.conda
  sha256: f192f3c8973de9ec4c214990715f13b781965247a5cedf9162e7f9e699cfc3c4
  md5: 122d6f29470f1a991e85608e77e56a8a
  depends:
  - __osx >=11.0
  - libzlib >=1.3.1,<2.0a0
  license: Unlicense
  size: 850553
  timestamp: 1733762057506
- conda: https://conda.anaconda.org/conda-forge/osx-arm64/libtiff-4.7.0-h551f018_3.conda
  sha256: 91417846157e04992801438a496b151df89604b2e7c6775d6f701fcd0cbed5ae
  md5: a5d084a957563e614ec0c0196d890654
  depends:
  - __osx >=11.0
  - lerc >=4.0.0,<5.0a0
  - libcxx >=18
  - libdeflate >=1.23,<1.24.0a0
  - libjpeg-turbo >=3.0.0,<4.0a0
  - liblzma >=5.6.3,<6.0a0
  - libwebp-base >=1.4.0,<2.0a0
  - libzlib >=1.3.1,<2.0a0
  - zstd >=1.5.6,<1.6.0a0
  arch: arm64
  platform: osx
  license: HPND
  size: 370600
  timestamp: 1734398863052
- conda: https://conda.anaconda.org/conda-forge/osx-arm64/libwebp-base-1.5.0-h2471fea_0.conda
  sha256: f8bdb876b4bc8cb5df47c28af29188de8911c3fea4b799a33743500149de3f4a
  md5: 569466afeb84f90d5bb88c11cc23d746
  depends:
  - __osx >=11.0
  constrains:
  - libwebp 1.5.0
  arch: arm64
  platform: osx
  license: BSD-3-Clause
  license_family: BSD
  size: 290013
  timestamp: 1734777593617
- conda: https://conda.anaconda.org/conda-forge/osx-arm64/libxcb-1.17.0-hdb1d25a_0.conda
  sha256: bd3816218924b1e43b275863e21a3e13a5db4a6da74cca8e60bc3c213eb62f71
  md5: af523aae2eca6dfa1c8eec693f5b9a79
  depends:
  - __osx >=11.0
  - pthread-stubs
  - xorg-libxau >=1.0.11,<2.0a0
  - xorg-libxdmcp
  arch: arm64
  platform: osx
  license: MIT
  license_family: MIT
  size: 323658
  timestamp: 1727278733917
- conda: https://conda.anaconda.org/conda-forge/osx-arm64/libzlib-1.3.1-h8359307_2.conda
  sha256: ce34669eadaba351cd54910743e6a2261b67009624dbc7daeeafdef93616711b
  md5: 369964e85dc26bfe78f41399b366c435
  depends:
  - __osx >=11.0
  constrains:
  - zlib 1.3.1 *_2
  license: Zlib
  license_family: Other
  size: 46438
  timestamp: 1727963202283
- conda: https://conda.anaconda.org/conda-forge/osx-arm64/llvm-openmp-19.1.6-hdb05f8b_0.conda
  sha256: a0f3e9139ab16f0a67b9d2bbabc15b78977168f4a5b5503fed4962dcb9a96102
  md5: 34fdeffa0555a1a56f38839415cc066c
  depends:
  - __osx >=11.0
  constrains:
  - openmp 19.1.6|19.1.6.*
  arch: arm64
  platform: osx
  license: Apache-2.0 WITH LLVM-exception
  license_family: APACHE
  size: 281251
  timestamp: 1734520462311
- conda: https://conda.anaconda.org/conda-forge/osx-arm64/markupsafe-3.0.2-py313ha9b7d5b_1.conda
  sha256: 81759af8a9872c8926af3aa59dc4986eee90a0956d1ec820b42ac4f949a71211
  md5: 3acf05d8e42ff0d99820d2d889776fff
  depends:
  - __osx >=11.0
  - python >=3.13,<3.14.0a0
  - python >=3.13,<3.14.0a0 *_cp313
  - python_abi 3.13.* *_cp313
  constrains:
  - jinja2 >=3.0.0
  license: BSD-3-Clause
  license_family: BSD
  size: 24757
  timestamp: 1733219916634
- conda: https://conda.anaconda.org/conda-forge/osx-arm64/matplotlib-3.10.0-py313h39782a4_0.conda
  sha256: 90c109ff3542487c1c8205c7376a58c779f4b5067c7ba00aa367bf904ab09aa2
  md5: 0c2a9f731aca56e9e88176d69c45b98d
  depends:
  - matplotlib-base >=3.10.0,<3.10.1.0a0
  - python >=3.13,<3.14.0a0
  - python_abi 3.13.* *_cp313
  - tornado >=5
  arch: arm64
  platform: osx
  license: PSF-2.0
  license_family: PSF
  size: 17109
  timestamp: 1734380810832
- conda: https://conda.anaconda.org/conda-forge/osx-arm64/matplotlib-base-3.10.0-py313haaf02c0_0.conda
  sha256: 8eee189e6cb7d6828f11f8b2d1cfa3dd0ce3f098028159c188bb6c9ce5e8e156
  md5: 757272482a2b333fee3cffb24e841b0c
  depends:
  - __osx >=11.0
  - contourpy >=1.0.1
  - cycler >=0.10
  - fonttools >=4.22.0
  - freetype >=2.12.1,<3.0a0
  - kiwisolver >=1.3.1
  - libcxx >=18
  - numpy >=1.21,<3
  - numpy >=1.23
  - packaging >=20.0
  - pillow >=8
  - pyparsing >=2.3.1
  - python >=3.13,<3.14.0a0
  - python >=3.13,<3.14.0a0 *_cp313
  - python-dateutil >=2.7
  - python_abi 3.13.* *_cp313
  - qhull >=2020.2,<2020.3.0a0
  arch: arm64
  platform: osx
  license: PSF-2.0
  license_family: PSF
  size: 8180164
  timestamp: 1734380772123
- conda: https://conda.anaconda.org/conda-forge/osx-arm64/multidict-6.1.0-py313h6347b5a_1.conda
  sha256: 4822ae1adb18aebd8adc4b14575af3b73a72d8fc0cdd9183abfb64806da2bdba
  md5: a2fd6163d77cd463c89f8746ad11cac7
  depends:
  - __osx >=11.0
  - python >=3.13,<3.14.0a0
  - python >=3.13,<3.14.0a0 *_cp313
  - python_abi 3.13.* *_cp313
  arch: arm64
  platform: osx
  license: Apache-2.0
  license_family: APACHE
  size: 56170
  timestamp: 1729065738448
- conda: https://conda.anaconda.org/conda-forge/noarch/munkres-1.1.4-pyh9f0ad1d_0.tar.bz2
  sha256: f86fb22b58e93d04b6f25e0d811b56797689d598788b59dcb47f59045b568306
  md5: 2ba8498c1018c1e9c61eb99b973dfe19
  depends:
  - python
  license: Apache-2.0
  license_family: Apache
  size: 12452
  timestamp: 1600387789153
- conda: https://conda.anaconda.org/conda-forge/osx-arm64/ncurses-6.5-h5e97a16_2.conda
  sha256: b45c73348ec9841d5c893acc2e97adff24127548fe8c786109d03c41ed564e91
  md5: f6f7c5b7d0983be186c46c4f6f8f9af8
  depends:
  - __osx >=11.0
  license: X11 AND BSD-3-Clause
  size: 796754
  timestamp: 1736683572099
- conda: https://conda.anaconda.org/conda-forge/osx-arm64/numpy-2.2.1-py313ha4a2180_0.conda
  sha256: c6dafb68d407bd4f34a8e178fe37be0c0c6533e6408a066d2cfcdccd6eb63402
  md5: 186189cd83b1b95e73a805a268bc7a98
  depends:
  - __osx >=11.0
  - libblas >=3.9.0,<4.0a0
  - libcblas >=3.9.0,<4.0a0
  - libcxx >=18
  - liblapack >=3.9.0,<4.0a0
  - python >=3.13,<3.14.0a0
  - python >=3.13,<3.14.0a0 *_cp313
  - python_abi 3.13.* *_cp313
  constrains:
  - numpy-base <0a0
  arch: arm64
  platform: osx
  license: BSD-3-Clause
  license_family: BSD
  size: 6513050
  timestamp: 1734904817005
- conda: https://conda.anaconda.org/conda-forge/osx-arm64/openjpeg-2.5.3-h8a3d83b_0.conda
  sha256: 1d59bc72ca7faac06d349c1a280f5cfb8a57ee5896f1e24225a997189d7418c7
  md5: 4b71d78648dbcf68ce8bf22bb07ff838
  depends:
  - __osx >=11.0
  - libcxx >=18
  - libpng >=1.6.44,<1.7.0a0
  - libtiff >=4.7.0,<4.8.0a0
  - libzlib >=1.3.1,<2.0a0
  arch: arm64
  platform: osx
  license: BSD-2-Clause
  license_family: BSD
  size: 319362
  timestamp: 1733816781741
- conda: https://conda.anaconda.org/conda-forge/osx-arm64/openssl-3.4.0-h81ee809_1.conda
  sha256: 97772762abc70b3a537683ca9fc3ff3d6099eb64e4aba3b9c99e6fce48422d21
  md5: 22f971393637480bda8c679f374d8861
  depends:
  - __osx >=11.0
  - ca-certificates
  license: Apache-2.0
  license_family: Apache
  size: 2936415
  timestamp: 1736086108693
- conda: https://conda.anaconda.org/conda-forge/noarch/packaging-24.2-pyhd8ed1ab_2.conda
  sha256: da157b19bcd398b9804c5c52fc000fcb8ab0525bdb9c70f95beaa0bb42f85af1
  md5: 3bfed7e6228ebf2f7b9eaa47f1b4e2aa
  depends:
  - python >=3.8
  license: Apache-2.0
  license_family: APACHE
  size: 60164
  timestamp: 1733203368787
- conda: https://conda.anaconda.org/conda-forge/osx-arm64/pillow-11.1.0-py313hb37fac4_0.conda
  sha256: 207bf61d21164ea8922a306734e602354b8b8e516460dc22c18add1e7594793b
  md5: 50dbf6e817535229c820af0a8f4529b5
  depends:
  - __osx >=11.0
  - freetype >=2.12.1,<3.0a0
  - lcms2 >=2.16,<3.0a0
  - libjpeg-turbo >=3.0.0,<4.0a0
  - libtiff >=4.7.0,<4.8.0a0
  - libwebp-base >=1.5.0,<2.0a0
  - libxcb >=1.17.0,<2.0a0
  - libzlib >=1.3.1,<2.0a0
  - openjpeg >=2.5.3,<3.0a0
  - python >=3.13,<3.14.0a0
  - python >=3.13,<3.14.0a0 *_cp313
  - python_abi 3.13.* *_cp313
  - tk >=8.6.13,<8.7.0a0
  arch: arm64
  platform: osx
  license: HPND
  size: 42025320
  timestamp: 1735929984606
- conda: https://conda.anaconda.org/conda-forge/osx-arm64/propcache-0.2.1-py313h90d716c_0.conda
  sha256: 8b3d9a95ed32a176cf94aceb7728bf0a871c104073180937bed2ac7a2df60e76
  md5: 5ca4ec33aa727e74009b69d30bd1a436
  depends:
  - __osx >=11.0
  - python >=3.13,<3.14.0a0
  - python >=3.13,<3.14.0a0 *_cp313
  - python_abi 3.13.* *_cp313
  arch: arm64
  platform: osx
  license: Apache-2.0
  license_family: APACHE
  size: 47399
  timestamp: 1733392118641
- conda: https://conda.anaconda.org/conda-forge/noarch/proto-plus-1.25.0-pyhd8ed1ab_1.conda
  sha256: ca3689fdf5f03f0dfc5b7c9ecd8cb1dfbcf4f49b1e8e92e9421d68ebfc42d502
  md5: 6f6b281b0fb1ee21099cec9ee672730c
  depends:
  - protobuf >=3.19.0,<6.0.0dev
  - python >=3.9
  license: Apache-2.0
  license_family: APACHE
  size: 42445
  timestamp: 1733681510421
- conda: https://conda.anaconda.org/conda-forge/osx-arm64/protobuf-5.28.3-py313h928ef07_0.conda
  sha256: 68004896a3d9416c8ddc4141efe87fd354866e169e44963d8239792fd32232fe
  md5: 37eecee686774d57db4a10eb090ce599
  depends:
  - __osx >=11.0
  - libcxx >=18
  - python >=3.13,<3.14.0a0
  - python >=3.13,<3.14.0a0 *_cp313
  - python_abi 3.13.* *_cp313
  constrains:
  - libprotobuf 5.28.3
  arch: arm64
  platform: osx
  license: BSD-3-Clause
  license_family: BSD
  size: 456638
  timestamp: 1731367026470
- conda: https://conda.anaconda.org/conda-forge/osx-arm64/pthread-stubs-0.4-hd74edd7_1002.conda
  sha256: 8ed65e17fbb0ca944bfb8093b60086e3f9dd678c3448b5de212017394c247ee3
  md5: 415816daf82e0b23a736a069a75e9da7
  depends:
  - __osx >=11.0
  arch: arm64
  platform: osx
  license: MIT
  license_family: MIT
  size: 8381
  timestamp: 1726802424786
- conda: https://conda.anaconda.org/conda-forge/noarch/pyasn1-0.6.1-pyhd8ed1ab_2.conda
  sha256: d06051df66e9ab753683d7423fcef873d78bb0c33bd112c3d5be66d529eddf06
  md5: 09bb17ed307ad6ab2fd78d32372fdd4e
  depends:
  - python >=3.9
  license: BSD-2-Clause
  license_family: BSD
  size: 62230
  timestamp: 1733217699113
- conda: https://conda.anaconda.org/conda-forge/noarch/pyasn1-modules-0.4.1-pyhd8ed1ab_1.conda
  sha256: 565e961fce215ccf14f863c3030eda5b83014489679d27166ff97144bf977810
  md5: 1c6476fdb96e6c3db6c3f7693cdba78e
  depends:
  - pyasn1 >=0.4.6,<0.7.0
  - python >=3.9
  license: BSD-2-Clause
  license_family: BSD
  size: 95825
  timestamp: 1733324693664
- conda: https://conda.anaconda.org/conda-forge/noarch/pycparser-2.22-pyh29332c3_1.conda
  sha256: 79db7928d13fab2d892592223d7570f5061c192f27b9febd1a418427b719acc6
  md5: 12c566707c80111f9799308d9e265aef
  depends:
  - python >=3.9
  - python
  license: BSD-3-Clause
  license_family: BSD
  size: 110100
  timestamp: 1733195786147
- conda: https://conda.anaconda.org/conda-forge/noarch/pyopenssl-24.3.0-pyhd8ed1ab_0.conda
  sha256: a84489a5b4acf8af81dcf0b28542c7bb6362dc87990a51bf08e2fdeb51f4ee9f
  md5: 269109707b3810adce78b6afb2a82c80
  depends:
  - cryptography >=41.0.5,<45
  - python >=3.9
  license: Apache-2.0
  license_family: Apache
  size: 122676
  timestamp: 1733777485898
- conda: https://conda.anaconda.org/conda-forge/noarch/pyparsing-3.2.1-pyhd8ed1ab_0.conda
  sha256: f513fed4001fd228d3bf386269237b4ca6bff732c99ffc11fcbad8529b35407c
  md5: 285e237b8f351e85e7574a2c7bfa6d46
  depends:
  - python >=3.9
  license: MIT
  license_family: MIT
  size: 93082
  timestamp: 1735698406955
- conda: https://conda.anaconda.org/conda-forge/noarch/pysocks-1.7.1-pyha55dd90_7.conda
  sha256: ba3b032fa52709ce0d9fd388f63d330a026754587a2f461117cac9ab73d8d0d8
  md5: 461219d1a5bd61342293efa2c0c90eac
  depends:
  - __unix
  - python >=3.9
  license: BSD-3-Clause
  license_family: BSD
  size: 21085
  timestamp: 1733217331982
- conda: https://conda.anaconda.org/conda-forge/osx-arm64/python-3.13.1-h4f43103_105_cp313.conda
  build_number: 105
  sha256: 7d27cc8ef214abbdf7dd8a5d473e744f4bd9beb7293214a73c58e4895c2830b8
  md5: 11d916b508764b7d881dd5c75d222d6e
  depends:
  - __osx >=11.0
  - bzip2 >=1.0.8,<2.0a0
  - libexpat >=2.6.4,<3.0a0
  - libffi >=3.4,<4.0a0
  - liblzma >=5.6.3,<6.0a0
  - libmpdec >=4.0.0,<5.0a0
  - libsqlite >=3.47.2,<4.0a0
  - libzlib >=1.3.1,<2.0a0
  - ncurses >=6.5,<7.0a0
  - openssl >=3.4.0,<4.0a0
  - python_abi 3.13.* *_cp313
  - readline >=8.2,<9.0a0
  - tk >=8.6.13,<8.7.0a0
  - tzdata
  license: Python-2.0
  size: 12919840
  timestamp: 1736761931666
  python_site_packages_path: lib/python3.13/site-packages
- conda: https://conda.anaconda.org/conda-forge/noarch/python-dateutil-2.9.0.post0-pyhff2d567_1.conda
  sha256: a50052536f1ef8516ed11a844f9413661829aa083304dc624c5925298d078d79
  md5: 5ba79d7c71f03c678c8ead841f347d6e
  depends:
  - python >=3.9
  - six >=1.5
  license: Apache-2.0
  license_family: APACHE
  size: 222505
  timestamp: 1733215763718
- conda: https://conda.anaconda.org/conda-forge/osx-arm64/python_abi-3.13-5_cp313.conda
  build_number: 5
  sha256: 4437198eae80310f40b23ae2f8a9e0a7e5c2b9ae411a8621eb03d87273666199
  md5: b8e82d0a5c1664638f87f63cc5d241fb
  constrains:
  - python 3.13.* *_cp313
  license: BSD-3-Clause
  license_family: BSD
  size: 6322
  timestamp: 1723823058879
- conda: https://conda.anaconda.org/conda-forge/noarch/pyu2f-0.1.5-pyhd8ed1ab_1.conda
  sha256: 991caa5408aea018488a2c94e915c11792b9321b0ef64401f4829ebd0abfb3c0
  md5: 644bd4ca9f68ef536b902685d773d697
  depends:
  - python >=3.9
  - six
  license: Apache-2.0
  license_family: APACHE
  size: 36786
  timestamp: 1733738704089
- conda: https://conda.anaconda.org/conda-forge/osx-arm64/qhull-2020.2-h420ef59_5.conda
  sha256: 873ac689484262a51fd79bc6103c1a1bedbf524924d7f0088fb80703042805e4
  md5: 6483b1f59526e05d7d894e466b5b6924
  depends:
  - __osx >=11.0
  - libcxx >=16
  arch: arm64
  platform: osx
  license: LicenseRef-Qhull
  size: 516376
  timestamp: 1720814307311
- conda: https://conda.anaconda.org/conda-forge/osx-arm64/readline-8.2-h92ec313_1.conda
  sha256: a1dfa679ac3f6007362386576a704ad2d0d7a02e98f5d0b115f207a2da63e884
  md5: 8cbb776a2f641b943d413b3e19df71f4
  depends:
  - ncurses >=6.3,<7.0a0
  license: GPL-3.0-only
  license_family: GPL
  size: 250351
  timestamp: 1679532511311
- conda: https://conda.anaconda.org/conda-forge/noarch/requests-2.32.3-pyhd8ed1ab_1.conda
  sha256: d701ca1136197aa121bbbe0e8c18db6b5c94acbd041c2b43c70e5ae104e1d8ad
  md5: a9b9368f3701a417eac9edbcae7cb737
  depends:
  - certifi >=2017.4.17
  - charset-normalizer >=2,<4
  - idna >=2.5,<4
  - python >=3.9
  - urllib3 >=1.21.1,<3
  constrains:
  - chardet >=3.0.2,<6
  license: Apache-2.0
  license_family: APACHE
  size: 58723
  timestamp: 1733217126197
- conda: https://conda.anaconda.org/conda-forge/noarch/rsa-4.9-pyhd8ed1ab_1.conda
  sha256: 210ff0e3aaa8ce8e9d45a5fd578ce7b2d5bcd7d3054dc779c3a159b8f72104d6
  md5: 91def14612d11100329d53a75993a4d5
  depends:
  - pyasn1 >=0.1.3
  - python >=3.9
  license: Apache-2.0
  license_family: APACHE
  size: 30799
  timestamp: 1733662778918
- conda: https://conda.anaconda.org/conda-forge/noarch/six-1.17.0-pyhd8ed1ab_0.conda
  sha256: 41db0180680cc67c3fa76544ffd48d6a5679d96f4b71d7498a759e94edc9a2db
  md5: a451d576819089b0d672f18768be0f65
  depends:
  - python >=3.9
  license: MIT
  license_family: MIT
  size: 16385
  timestamp: 1733381032766
- conda: https://conda.anaconda.org/conda-forge/osx-arm64/tk-8.6.13-h5083fa2_1.conda
  sha256: 72457ad031b4c048e5891f3f6cb27a53cb479db68a52d965f796910e71a403a8
  md5: b50a57ba89c32b62428b71a875291c9b
  depends:
  - libzlib >=1.2.13,<2.0.0a0
  license: TCL
  license_family: BSD
  size: 3145523
  timestamp: 1699202432999
- conda: https://conda.anaconda.org/conda-forge/osx-arm64/tornado-6.4.2-py313h90d716c_0.conda
  sha256: 33ef243265af82d7763c248fedd9196523210cc295b2caa512128202eda5e9e8
  md5: 6790d50f184874a9ea298be6bcbc7710
  depends:
  - __osx >=11.0
  - python >=3.13,<3.14.0a0
  - python >=3.13,<3.14.0a0 *_cp313
  - python_abi 3.13.* *_cp313
  arch: arm64
  platform: osx
  license: Apache-2.0
  license_family: Apache
  size: 863363
  timestamp: 1732616174714
- conda: https://conda.anaconda.org/conda-forge/noarch/tzdata-2024b-hc8b5060_0.conda
  sha256: 4fde5c3008bf5d2db82f2b50204464314cc3c91c1d953652f7bd01d9e52aefdf
  md5: 8ac3367aafb1cc0a068483c580af8015
  license: LicenseRef-Public-Domain
  size: 122354
  timestamp: 1728047496079
- conda: https://conda.anaconda.org/conda-forge/noarch/uritemplate-4.1.1-pyhd8ed1ab_1.conda
  sha256: 2891c1c8312a82bc2a183597b3f15ba53f08d5a33cfed06692b41ffa38686ffd
  md5: 4313d1446ed45de876952850a7b37da6
  depends:
  - python >=3.9
  license: Apache-2.0
  license_family: Apache
  size: 14751
  timestamp: 1733927974177
- conda: https://conda.anaconda.org/conda-forge/noarch/urllib3-2.3.0-pyhd8ed1ab_0.conda
  sha256: 114919ffa80c328127dab9c8e7a38f9d563c617691fb81fccb11c1e86763727e
  md5: 32674f8dbfb7b26410ed580dd3c10a29
  depends:
  - brotli-python >=1.0.9
  - h2 >=4,<5
  - pysocks >=1.5.6,<2.0,!=1.5.7
  - python >=3.9
  - zstandard >=0.18.0
  license: MIT
  license_family: MIT
  size: 100102
  timestamp: 1734859520452
- conda: https://conda.anaconda.org/conda-forge/osx-arm64/xorg-libxau-1.0.12-h5505292_0.conda
  sha256: f33e6f013fc36ebc200f09ddead83468544cb5c353a3b50499b07b8c34e28a8d
  md5: 50901e0764b7701d8ed7343496f4f301
  depends:
  - __osx >=11.0
  arch: arm64
  platform: osx
  license: MIT
  license_family: MIT
  size: 13593
  timestamp: 1734229104321
- conda: https://conda.anaconda.org/conda-forge/osx-arm64/xorg-libxdmcp-1.1.5-hd74edd7_0.conda
  sha256: 9939a166d780700d81023546759102b33fdc2c5f11ef09f5f66c77210fd334c8
  md5: 77c447f48cab5d3a15ac224edb86a968
  depends:
  - __osx >=11.0
  arch: arm64
  platform: osx
  license: MIT
  license_family: MIT
  size: 18487
  timestamp: 1727795205022
- conda: https://conda.anaconda.org/conda-forge/osx-arm64/yarl-1.18.3-py313h90d716c_0.conda
  sha256: 8895e2dc703791fedd810e83fe2bf295771e073e343d531e90b1d08edbbf4d0e
  md5: f5eca481d561942a76a84619ecaa3d3f
  depends:
  - __osx >=11.0
  - idna >=2.0
  - multidict >=4.0
  - propcache >=0.2.1
  - python >=3.13,<3.14.0a0
  - python >=3.13,<3.14.0a0 *_cp313
  - python_abi 3.13.* *_cp313
  arch: arm64
  platform: osx
  license: Apache-2.0
  license_family: Apache
  size: 142568
  timestamp: 1733429107902
- conda: https://conda.anaconda.org/conda-forge/osx-arm64/zstandard-0.23.0-py313hf2da073_1.conda
  sha256: 12b4e34acff24d291e2626c6610dfd819b8d99a461025ae59affcb6e84bc1d57
  md5: deebca66926691fadaaf16da05ecb5f9
  depends:
  - __osx >=11.0
  - cffi >=1.11
  - python >=3.13.0rc1,<3.14.0a0
  - python >=3.13.0rc1,<3.14.0a0 *_cp313
  - python_abi 3.13.* *_cp313
  - zstd >=1.5.6,<1.5.7.0a0
  - zstd >=1.5.6,<1.6.0a0
  arch: arm64
  platform: osx
  license: BSD-3-Clause
  license_family: BSD
  size: 336496
  timestamp: 1725305912716
- conda: https://conda.anaconda.org/conda-forge/osx-arm64/zstd-1.5.6-hb46c0d2_0.conda
  sha256: 2d4fd1ff7ee79cd954ca8e81abf11d9d49954dd1fef80f27289e2402ae9c2e09
  md5: d96942c06c3e84bfcc5efb038724a7fd
  depends:
  - __osx >=11.0
  - libzlib >=1.2.13,<2.0.0a0
  arch: arm64
  platform: osx
  license: BSD-3-Clause
  license_family: BSD
  size: 405089
  timestamp: 1714723101397
